
Microsoft Visual Studio Solution File, Format Version 12.00
# Visual Studio Version 17
VisualStudioVersion = 17.10.35122.118
MinimumVisualStudioVersion = 10.0.40219.1
Project("{FAE04EC0-301F-11D3-BF4B-00C04F79EFBC}") = "MDI(lab-3)", "MDI(lab-3).csproj", "{DCADBB2E-C9BB-4F33-879F-5E6689493123}"
EndProject
Global
	GlobalSection(SolutionConfigurationPlatforms) = preSolution
		Debug|Any CPU = Debug|Any CPU
		Release|Any CPU = Release|Any CPU
	EndGlobalSection
	GlobalSection(ProjectConfigurationPlatforms) = postSolution
		{DCADBB2E-C9BB-4F33-879F-5E6689493123}.Debug|Any CPU.ActiveCfg = Debug|Any CPU
		{DCADBB2E-C9BB-4F33-879F-5E6689493123}.Debug|Any CPU.Build.0 = Debug|Any CPU
		{DCADBB2E-C9BB-4F33-879F-5E6689493123}.Release|Any CPU.ActiveCfg = Release|Any CPU
		{DCADBB2E-C9BB-4F33-879F-5E6689493123}.Release|Any CPU.Build.0 = Release|Any CPU
	EndGlobalSection
	GlobalSection(SolutionProperties) = preSolution
		HideSolutionNode = FALSE
	EndGlobalSection
	GlobalSection(ExtensibilityGlobals) = postSolution
		SolutionGuid = {09F45B42-FB94-4186-B538-22C2086E99B3}
	EndGlobalSection
EndGlobal
